
Microsoft Visual Studio Solution File, Format Version 12.00
# Visual Studio Version 16
VisualStudioVersion = 16.0.30225.117
MinimumVisualStudioVersion = 10.0.40219.1
Project("{FAE04EC0-301F-11D3-BF4B-00C04F79EFBC}") = "BetweenTwoSets", "BetweenTwoSets\BetweenTwoSets.csproj", "{DC723B1F-7D15-4391-A349-ECE68D4F9915}"
EndProject
Global
	GlobalSection(SolutionConfigurationPlatforms) = preSolution
		Debug|Any CPU = Debug|Any CPU
		Release|Any CPU = Release|Any CPU
	EndGlobalSection
	GlobalSection(ProjectConfigurationPlatforms) = postSolution
		{DC723B1F-7D15-4391-A349-ECE68D4F9915}.Debug|Any CPU.ActiveCfg = Debug|Any CPU
		{DC723B1F-7D15-4391-A349-ECE68D4F9915}.Debug|Any CPU.Build.0 = Debug|Any CPU
		{DC723B1F-7D15-4391-A349-ECE68D4F9915}.Release|Any CPU.ActiveCfg = Release|Any CPU
		{DC723B1F-7D15-4391-A349-ECE68D4F9915}.Release|Any CPU.Build.0 = Release|Any CPU
	EndGlobalSection
	GlobalSection(SolutionProperties) = preSolution
		HideSolutionNode = FALSE
	EndGlobalSection
	GlobalSection(ExtensibilityGlobals) = postSolution
		SolutionGuid = {24C9CAD8-DDE6-4124-BC77-8FE10D788A78}
	EndGlobalSection
EndGlobal
