
Microsoft Visual Studio Solution File, Format Version 12.00
# Visual Studio Version 16
VisualStudioVersion = 16.0.30225.117
MinimumVisualStudioVersion = 10.0.40219.1
Project("{FAE04EC0-301F-11D3-BF4B-00C04F79EFBC}") = "BirthdayChocolate", "BirthdayChocolate\BirthdayChocolate.csproj", "{BB35CDFF-6B02-4625-86B3-2A2A474EA8BA}"
EndProject
Global
	GlobalSection(SolutionConfigurationPlatforms) = preSolution
		Debug|Any CPU = Debug|Any CPU
		Release|Any CPU = Release|Any CPU
	EndGlobalSection
	GlobalSection(ProjectConfigurationPlatforms) = postSolution
		{BB35CDFF-6B02-4625-86B3-2A2A474EA8BA}.Debug|Any CPU.ActiveCfg = Debug|Any CPU
		{BB35CDFF-6B02-4625-86B3-2A2A474EA8BA}.Debug|Any CPU.Build.0 = Debug|Any CPU
		{BB35CDFF-6B02-4625-86B3-2A2A474EA8BA}.Release|Any CPU.ActiveCfg = Release|Any CPU
		{BB35CDFF-6B02-4625-86B3-2A2A474EA8BA}.Release|Any CPU.Build.0 = Release|Any CPU
	EndGlobalSection
	GlobalSection(SolutionProperties) = preSolution
		HideSolutionNode = FALSE
	EndGlobalSection
	GlobalSection(ExtensibilityGlobals) = postSolution
		SolutionGuid = {618132E5-69D7-4146-9AE2-076BFB6A1284}
	EndGlobalSection
EndGlobal
