
Microsoft Visual Studio Solution File, Format Version 12.00
# Visual Studio Version 16
VisualStudioVersion = 16.0.30225.117
MinimumVisualStudioVersion = 10.0.40219.1
Project("{FAE04EC0-301F-11D3-BF4B-00C04F79EFBC}") = "JumpingOnTheClouds", "JumpingOnTheClouds\JumpingOnTheClouds.csproj", "{80311088-A631-46E7-8233-27957478BCA9}"
EndProject
Global
	GlobalSection(SolutionConfigurationPlatforms) = preSolution
		Debug|Any CPU = Debug|Any CPU
		Release|Any CPU = Release|Any CPU
	EndGlobalSection
	GlobalSection(ProjectConfigurationPlatforms) = postSolution
		{80311088-A631-46E7-8233-27957478BCA9}.Debug|Any CPU.ActiveCfg = Debug|Any CPU
		{80311088-A631-46E7-8233-27957478BCA9}.Debug|Any CPU.Build.0 = Debug|Any CPU
		{80311088-A631-46E7-8233-27957478BCA9}.Release|Any CPU.ActiveCfg = Release|Any CPU
		{80311088-A631-46E7-8233-27957478BCA9}.Release|Any CPU.Build.0 = Release|Any CPU
	EndGlobalSection
	GlobalSection(SolutionProperties) = preSolution
		HideSolutionNode = FALSE
	EndGlobalSection
	GlobalSection(ExtensibilityGlobals) = postSolution
		SolutionGuid = {9D284EC1-D7FD-47AC-AB2A-68F4CD98C6EF}
	EndGlobalSection
EndGlobal
