
Microsoft Visual Studio Solution File, Format Version 12.00
# Visual Studio Version 16
VisualStudioVersion = 16.0.30225.117
MinimumVisualStudioVersion = 10.0.40219.1
Project("{FAE04EC0-301F-11D3-BF4B-00C04F79EFBC}") = "ViralAdvertising", "ViralAdvertising\ViralAdvertising.csproj", "{75674F74-8875-4D7B-A8A3-118F898C9AFB}"
EndProject
Global
	GlobalSection(SolutionConfigurationPlatforms) = preSolution
		Debug|Any CPU = Debug|Any CPU
		Release|Any CPU = Release|Any CPU
	EndGlobalSection
	GlobalSection(ProjectConfigurationPlatforms) = postSolution
		{75674F74-8875-4D7B-A8A3-118F898C9AFB}.Debug|Any CPU.ActiveCfg = Debug|Any CPU
		{75674F74-8875-4D7B-A8A3-118F898C9AFB}.Debug|Any CPU.Build.0 = Debug|Any CPU
		{75674F74-8875-4D7B-A8A3-118F898C9AFB}.Release|Any CPU.ActiveCfg = Release|Any CPU
		{75674F74-8875-4D7B-A8A3-118F898C9AFB}.Release|Any CPU.Build.0 = Release|Any CPU
	EndGlobalSection
	GlobalSection(SolutionProperties) = preSolution
		HideSolutionNode = FALSE
	EndGlobalSection
	GlobalSection(ExtensibilityGlobals) = postSolution
		SolutionGuid = {32FC8EA8-78BC-4FFD-97EF-6074E63D4A87}
	EndGlobalSection
EndGlobal
